github.com/andygrunwald/go-jira v1.5.0 h1:/1CyYLNdwus7TvB/DHyD3udb52K12aYL9m7WaGAO9m4=
github.com/andygrunwald/go-jira v1.5.0/go.mod h1:yNYQrX3nGSrVdcVsM2mWz2pm7tTeDtYfRyVEkc3VUiY=
github.com/beevik/guid v0.0.0-20170504223318-d0ea8faecee0 h1:oLd/YLOTOgA4D4aAUhIE8vhl/LAP1ZJrj0mDQpl7GB8=
github.com/beevik/guid v0.0.0-20170504223318-d0ea8faecee0/go.mod h1:XzXWuOd1wJ63MtICHh5+PnvCuxsB/d58T8TswEhI/9I=
github.com/cloudfoundry/gosigar v1.1.0 h1:V/dVCzhKOdIU3WRB5inQU20s4yIgL9Dxx/Mhi0SF8eM=
github.com/cloudfoundry/gosigar v1.1.0/go.mod h1:3qLfc2GlfmwOx2+ZDaRGH3Y9fwQ0sQeaAleo2GV5pH0=
github.com/fatih/structs v1.0.0 h1:BrX964Rv5uQ3wwS+KRUAJCBBw5PQmgJfJ6v4yly5QwU=
github.com/fatih/structs v1.0.0/go.mod h1:9NiDSp5zOcgEDl+j00MP/WkGVPOlPRLejGD8Ga6PJ7M=
github.com/go-chat-bot/plugins v0.0.0-20181006134258-491b3f9878d6 h1:qNYjVQnDwznjLk+OnNdczA5SXwEa/RwjPTZSQCKofF4=
github.com/go-chat-bot/plugins v0.0.0-20181006134258-491b3f9878d6/go.mod h1:Ga63x4EC4NFYr/KGzhn8D8fLj89sfJA/dpBsuowiHOQ=
github.com/go-chat-bot/plugins-br v0.0.0-20170316122923-eb41b30907dc h1:v/poG4Y4O/z1cUm2cWxiIkFFgRsT3Fe1u1A33evx89g=
github.com/go-chat-bot/plugins-br v0.0.0-20170316122923-eb41b30907dc/go.mod h1:KU0Ieo/D/HBwPY6n3tLWanM5GemW6iWXdbgm96qRW2Q=
github.com/google/go-querystring v1.0.0 h1:Xkwi/a1rcvNg1PPYe5vI8GbeBY/jrVuDX5ASuANWTrk=
github.com/google/go-querystring v1.0.0/go.mod h1:odCYkC5MyYFN7vkCjXpyrEuKhc/BUO6wN/zVPAxq5ck=
github.com/gorilla/websocket v1.4.0 h1:WDFjx/TMzVgy9VdMMQi2K2Emtwi2QcUQsztZ/zLaH/Q=
github.com/gorilla/websocket v1.4.0/go.mod h1:E7qHFY5m1UJ88s3WnNqhKjPHQ0heANvMoAMk2YaljkQ=
github.com/martinusso/go-docs v0.0.0-20161215163720-81905d575a58 h1:VmcrkkMjTdCGOsuuMnn7P2X9dGh3meUNASx6kHIpe7A=
github.com/martinusso/go-docs v0.0.0-20161215163720-81905d575a58/go.mod h1:QymHbiLXXhrSGV5xTWYfEBt9mau3hHwVOT9Y7tpolJU=
github.com/mattn/go-shellwords v1.0.3 h1:K/VxK7SZ+cvuPgFSLKi5QPI9Vr/ipOf4C1gN+ntueUk=
github.com/mattn/go-shellwords v1.0.3/go.mod h1:3xCvwCdWdlDJUrvuMn7Wuy9eWs4pE8vqg+NOMyg4B2o=
github.com/mozillazg/go-unidecode v0.1.0 h1:wAIMDf/yTexXKxT5TkctLwmClGSyuoJaZDRMclFNq8U=
github.com/mozillazg/go-unidecode v0.1.0/go.mod h1:fYMdhyjni9ZeEmS6OE/GJHDLsF8TQvIVDwYR/drR26Q=
github.com/nlopes/slack v0.4.0 h1:OVnHm7lv5gGT5gkcHsZAyw++oHVFihbjWbL3UceUpiA=
github.com/nlopes/slack v0.4.0/go.mod h1:jVI4BBK3lSktibKahxBF74txcK2vyvkza1z/+rRnVAM=
github.com/pkg/errors v0.8.0 h1:WdK/asTD0HN+q6hsWO3/vpuAkAr+tw6aNJNDFFf0+qw=
github.com/pkg/errors v0.8.0/go.mod h1:bwawxfHBFNV+L2hUp1rHADufV3IMtnDRdf1r5NINEl0=
github.com/pyinx/gorocket v0.0.0-20170810024322-78ae1353729f h1:N1r6pSlez3lLsqaNHbtrHW9ZuzrilETIabr9jPNj3Zs=
github.com/pyinx/gorocket v0.0.0-20170810024322-78ae1353729f/go.mod h1:nh/AiOs8vRCaqnSOHVzyta23ZLm5ck/st4brrxtQJEo=
github.com/robfig/cron v0.0.0-20180505203441-b41be1df6967 h1:x7xEyJDP7Hv3LVgvWhzioQqbC/KtuUhTigKlH/8ehhE=
github.com/robfig/cron v0.0.0-20180505203441-b41be1df6967/go.mod h1:JGuDeoQd7Z6yL4zQhZ3OPEVHB7fL6Ka6skscFHfmt2k=
github.com/technoweenie/multipartstreamer v1.0.1 h1:XRztA5MXiR1TIRHxH2uNxXxaIkKQDeX7m2XsSOlQEnM=
github.com/technoweenie/multipartstreamer v1.0.1/go.mod h1:jNVxdtShOxzAsukZwTSw6MDx5eUJoiEBsSvzDU9uzog=
github.com/thoj/go-ircevent v0.0.0-20180816043103-14f3614f28c3 h1:389FrrKIAlxqQMTscCQ7VH3JAVuxb/pe53v2LBiA7z8=
github.com/thoj/go-ircevent v0.0.0-20180816043103-14f3614f28c3/go.mod h1:QYOctLs5qEsaIrA/PKEc4YqAv2SozbxNEX0vMPs84p4=
github.com/trivago/tgo v1.0.5 h1:ihzy8zFF/LPsd8oxsjYOE8CmyOTNViyFCy0EaFreUIk=
github.com/trivago/tgo v1.0.5/go.mod h1:w4dpD+3tzNIIiIfkWWa85w5/B77tlvdZckQ+6PkFnhc=
golang.org/x/sys v0.0.0-20181005133103-4497e2df6f9e h1:EfdBzeKbFSvOjoIqSZcfS8wp0FBLokGBEs9lz1OtSg0=
golang.org/x/sys v0.0.0-20181005133103-4497e2df6f9e/go.mod h1:STP8DvDyc/dI5b8T5hshtkjS+E42TnysNCUPdjciGhY=
gopkg.in/telegram-bot-api.v3 v3.0.0 h1:Y6QmqOMwRKv5NUdlvzEBtEZChjsrqdTS6O858cvuCww=
gopkg.in/telegram-bot-api.v3 v3.0.0/go.mod h1:WxP4rAHcQNrXhQLGIK9aVLkpygV4Qq8YS3yjjJ/0VLA=
