# This file is autogenerated, do not edit; changes may be undone by the next 'dep ensure'.


[[projects]]
  digest = "1:dce41b029ff92ee7770a9038be145b59c744deec4b108a0319ba69ab6a7b0a6b"
  name = "cloud.google.com/go"
  packages = [
    "compute/metadata",
    "iam",
    "internal/optional",
    "internal/version",
    "pubsub",
    "pubsub/apiv1",
    "pubsub/internal/distribution",
  ]
  pruneopts = "UT"
  revision = "458e1f376a2b44413160b5d301183b65debaa3f6"
  version = "v0.37.2"

[[projects]]
  digest = "1:e3b590c590c66c7a2016f44a3728a205dabc220fc6c079b11a13cfda3fc12099"
  name = "github.com/andygrunwald/go-jira"
  packages = ["."]
  pruneopts = "UT"
  revision = "e2a9240a5cdecd666b9e2f7b5b20343022b4d467"
  version = "1.6.0"

[[projects]]
  branch = "master"
  digest = "1:b8d62e830679e3d46e598cf2602cc5e87e5b812264507a3d1a5f1c9e96df7b82"
  name = "github.com/beevik/guid"
  packages = ["."]
  pruneopts = "UT"
  revision = "d0ea8faecee03ccdfb5ab8322d5d9037bb7af438"

[[projects]]
  digest = "1:5aaec2559dbb1fde897fd21b4165881391d7f7e069700bef640802068c8e7988"
  name = "github.com/cloudfoundry/gosigar"
  packages = [
    ".",
    "sys/windows",
  ]
  pruneopts = "UT"
  revision = "dcb1afc219e4c99f21c37fb1ec22ed9ffe443317"
  version = "v1.1.0"

[[projects]]
  digest = "1:af43bdaaf86655a2343f113e9b293bbc16b12099eaeb223982bbe4d4c22ba14d"
  name = "github.com/fatih/structs"
  packages = ["."]
  pruneopts = "UT"
  revision = "4966fc68f5b7593aafa6cbbba2d65ec6e1416047"
  version = "v1.1.0"

[[projects]]
  branch = "master"
  digest = "1:422b2e649387281a9283dcd0ac76e5ba1fda92123f4f17fdf86cccf672122d39"
  name = "github.com/go-chat-bot/bot"
  packages = ["."]
  pruneopts = "UT"
  revision = "d2e4b4ae907d344078d81f909231ce10a91e827f"

[[projects]]
  branch = "master"
  digest = "1:2dbec756f153d81b54ead3f57014ca9e438f6b071f8f3ee898d8bfd18c34a7d4"
  name = "github.com/go-chat-bot/plugins"
  packages = [
    "9gag",
    "catfacts",
    "catgif",
    "chucknorris",
    "cmd",
    "crypto",
    "encoding",
    "example",
    "gif",
    "godoc",
    "guid",
    "jira",
    "puppet",
    "treta",
    "uptime",
    "url",
    "web",
  ]
  pruneopts = "UT"
  revision = "f849e5548ebdf21cf7a757caffffda4069913746"

[[projects]]
  branch = "master"
  digest = "1:0e18d1a7daa106e0f8c2fc2fa4a39fbfbb73ee8a5bde21eb658b3b6f70a72acf"
  name = "github.com/go-chat-bot/plugins-br"
  packages = [
    "cnpj",
    "cotacao",
    "cpf",
    "dilma",
    "lula",
    "megasena",
  ]
  pruneopts = "UT"
  revision = "d16a45e655232eed3e6a5ad990072d119ccbb86c"

[[projects]]
  digest = "1:f2bc519aefa5511928d70d067ae2828cfa60fd3947cc8d166f070a0ce705f782"
  name = "github.com/golang/protobuf"
  packages = [
    "proto",
    "protoc-gen-go/descriptor",
    "ptypes",
    "ptypes/any",
    "ptypes/duration",
    "ptypes/empty",
    "ptypes/timestamp",
  ]
  pruneopts = "UT"
  revision = "b5d812f8a3706043e23a9cd5babf2e5423744d30"
  version = "v1.3.1"

[[projects]]
  branch = "master"
  digest = "1:a63cff6b5d8b95638bfe300385d93b2a6d9d687734b863da8e09dc834510a690"
  name = "github.com/google/go-querystring"
  packages = ["query"]
  pruneopts = "UT"
  revision = "c8c88dbee036db4e4808d1f2ec8c2e15e11c3f80"

[[projects]]
  digest = "1:f1f70abea1ab125d48396343b4c053f8fecfbdb943037bf3d29dc80c90fe60b3"
  name = "github.com/googleapis/gax-go"
  packages = ["v2"]
  pruneopts = "UT"
  revision = "beaecbbdd8af86aa3acf14180d53828ce69400b2"
  version = "v2.0.4"

[[projects]]
  digest = "1:7b5c6e2eeaa9ae5907c391a91c132abfd5c9e8a784a341b5625e750c67e6825d"
  name = "github.com/gorilla/websocket"
  packages = ["."]
  pruneopts = "UT"
  revision = "66b9c49e59c6c48f0ffce28c2d8b8a5678502c6d"
  version = "v1.4.0"

[[projects]]
  digest = "1:67474f760e9ac3799f740db2c489e6423a4cde45520673ec123ac831ad849cb8"
  name = "github.com/hashicorp/golang-lru"
  packages = ["simplelru"]
  pruneopts = "UT"
  revision = "7087cb70de9f7a8bc0a10c375cb0d2280a8edf9c"
  version = "v0.5.1"

[[projects]]
  branch = "master"
  digest = "1:a8e09f5c8ade8f64be796749c1b4d7881aeaa0e7db8c19d5e41ca045d9486cdf"
  name = "github.com/martinusso/go-docs"
  packages = [
    "cnpj",
    "cpf",
  ]
  pruneopts = "UT"
  revision = "84299b8633b3adbaa5cf9696455795c2b1eb023e"

[[projects]]
  digest = "1:a310b34fdb4af778ac92cdc961165fa4d994ea9753c3da99bd9e5285b94cde6a"
  name = "github.com/mattn/go-shellwords"
  packages = ["."]
  pruneopts = "UT"
  revision = "a72fbe27a1b0ed0df2f02754945044ce1456608b"
  version = "v1.0.5"

[[projects]]
  digest = "1:be88a46cd36136d9a0fbe8f42dffc269a62544e3a12ff3b047b4704f9b349b42"
  name = "github.com/mozillazg/go-unidecode"
  packages = [
    ".",
    "table",
  ]
  pruneopts = "UT"
  revision = "7ab3c72180eeb79ccb8746137e14d6b0a60dd685"
  version = "v0.1.0"

[[projects]]
  digest = "1:7711bc85fa91b919713feda232ffe0bd4ebb0e8426b9c0de6c6f476e0eb9b7c2"
  name = "github.com/nlopes/slack"
  packages = [
    ".",
    "slackutilsx",
  ]
  pruneopts = "UT"
  revision = "a7deeca7935c178aa865249bab511daf816288ba"
  version = "v0.5.0"

[[projects]]
  digest = "1:cf31692c14422fa27c83a05292eb5cbe0fb2775972e8f1f8446a71549bd8980b"
  name = "github.com/pkg/errors"
  packages = ["."]
  pruneopts = "UT"
  revision = "ba968bfe8b2f7e042a574c888954fccecfa385b4"
  version = "v0.8.1"

[[projects]]
  branch = "master"
  digest = "1:ecffd1ea1a8a02a1dd2311541b4f1f929cf561d06f660d8766d7d7dc2a2e5df1"
  name = "github.com/pyinx/gorocket"
  packages = [
    "api",
    "rest",
  ]
  pruneopts = "UT"
  revision = "78ae1353729ff8f324a15104177a9d2326ed7519"

[[projects]]
  digest = "1:ed615c5430ecabbb0fb7629a182da65ecee6523900ac1ac932520860878ffcad"
  name = "github.com/robfig/cron"
  packages = ["."]
  pruneopts = "UT"
  revision = "b41be1df696709bb6395fe435af20370037c0b4c"
  version = "v1.1"

[[projects]]
  digest = "1:420817f94b6c172dabb8a054d0b2d257d7437a87c7c8c7ee432bc008a577fc46"
  name = "github.com/technoweenie/multipartstreamer"
  packages = ["."]
  pruneopts = "UT"
  revision = "a90a01d73ae432e2611d178c18367fbaa13e0154"
  version = "v1.0.1"

[[projects]]
  digest = "1:d54012310bade386dd6c887dd5c238d41231144bd3e7e2945237711b3336317e"
  name = "github.com/thoj/go-ircevent"
  packages = ["."]
  pruneopts = "UT"
  revision = "5063e5f26097f6423c9de665079347c9473788da"
  version = "0.2"

[[projects]]
  digest = "1:d9545ad94bf2d1e4733d1ba8cc816419376a2c71b529cc7ebd0bf4f83cd707ec"
  name = "github.com/trivago/tgo"
  packages = [
    "tcontainer",
    "treflect",
  ]
  pruneopts = "UT"
  revision = "315f955fa460a324c1de2f5d576a87c922c8bd93"
  version = "v1.0.5"

[[projects]]
  digest = "1:581318f36a5c2aaae6d561702b3f834e834ed96b64d3e8d06600a3d34b37d4a7"
  name = "go.opencensus.io"
  packages = [
    ".",
    "exemplar",
    "internal",
    "internal/tagencoding",
    "plugin/ocgrpc",
    "plugin/ochttp",
    "plugin/ochttp/propagation/b3",
    "stats",
    "stats/internal",
    "stats/view",
    "tag",
    "trace",
    "trace/internal",
    "trace/propagation",
    "trace/tracestate",
  ]
  pruneopts = "UT"
  revision = "3b8e2721f2c3c01fa1bf4a2e455874e7b8319cd7"
  version = "v0.19.2"

[[projects]]
  branch = "master"
  digest = "1:5b51b81e299d0dfd03f567fd8d8a2d7ee954b3b72c69292f07c49aae785b6dd9"
  name = "golang.org/x/net"
  packages = [
    "context",
    "context/ctxhttp",
    "http/httpguts",
    "http2",
    "http2/hpack",
    "idna",
    "internal/timeseries",
    "trace",
  ]
  pruneopts = "UT"
  revision = "15845e8f865bdabdefb6e7da65b4d9e8de5e94ef"

[[projects]]
  branch = "master"
  digest = "1:399cbecda4e8ab20451d68a1db3812c99791ed95c53c6e9d64f3594a7e608f51"
  name = "golang.org/x/oauth2"
  packages = [
    ".",
    "google",
    "internal",
    "jws",
    "jwt",
  ]
  pruneopts = "UT"
  revision = "c85d3e98c914e3a33234ad863dcbff5dbc425bb8"

[[projects]]
  branch = "master"
  digest = "1:04a5b0e4138f98eef79ce12a955a420ee358e9f787044cc3a553ac3c3ade997e"
  name = "golang.org/x/sync"
  packages = [
    "errgroup",
    "semaphore",
  ]
  pruneopts = "UT"
  revision = "e225da77a7e68af35c70ccbf71af2b83e6acac3c"

[[projects]]
  branch = "master"
  digest = "1:6b3e6ddcebac95be1d690dbd53b5aa2e520715becb7e521bb526ccf3b4c53c15"
  name = "golang.org/x/sys"
  packages = [
    "unix",
    "windows",
  ]
  pruneopts = "UT"
  revision = "f49334f85ddcf0f08d7fb6dd7363e9e6d6b777eb"

[[projects]]
  digest = "1:a2ab62866c75542dd18d2b069fec854577a20211d7c0ea6ae746072a1dccdd18"
  name = "golang.org/x/text"
  packages = [
    "collate",
    "collate/build",
    "internal/colltab",
    "internal/gen",
    "internal/tag",
    "internal/triegen",
    "internal/ucd",
    "language",
    "secure/bidirule",
    "transform",
    "unicode/bidi",
    "unicode/cldr",
    "unicode/norm",
    "unicode/rangetable",
  ]
  pruneopts = "UT"
  revision = "f21a4dfb5e38f5895301dc265a8def02365cc3d0"
  version = "v0.3.0"

[[projects]]
  digest = "1:dd6e1a70c3d069cb58cb5cd234a6aca65c31b87eecce857b0b140aec96fcee91"
  name = "google.golang.org/api"
  packages = [
    "googleapi/transport",
    "internal",
    "iterator",
    "option",
    "support/bundler",
    "transport",
    "transport/grpc",
    "transport/http",
    "transport/http/internal/propagation",
  ]
  pruneopts = "UT"
  revision = "bce707a4d0ea3488942724b3bcc1c8338f38f991"
  version = "v0.3.0"

[[projects]]
  digest = "1:15b86ee56687b2b842431678dacd1050900cd5ea24a47fa908ac32ce540664b7"
  name = "google.golang.org/appengine"
  packages = [
    ".",
    "internal",
    "internal/app_identity",
    "internal/base",
    "internal/datastore",
    "internal/log",
    "internal/modules",
    "internal/remote_api",
    "internal/socket",
    "internal/urlfetch",
    "socket",
    "urlfetch",
  ]
  pruneopts = "UT"
  revision = "54a98f90d1c46b7731eb8fb305d2a321c30ef610"
  version = "v1.5.0"

[[projects]]
  branch = "master"
  digest = "1:a7d9820e228bb3fe1640b26a8109342f8bffd41910406f4c723a054c1d724aee"
  name = "google.golang.org/genproto"
  packages = [
    "googleapis/api/annotations",
    "googleapis/iam/v1",
    "googleapis/pubsub/v1",
    "googleapis/rpc/status",
    "protobuf/field_mask",
  ]
  pruneopts = "UT"
  revision = "e79c0c59cdb5e117ef82a6f885294df3d74065d5"

[[projects]]
  digest = "1:4abdd62fcb53e7fb898e708754e3ec03254a870b35e826649b974c6811041808"
  name = "google.golang.org/grpc"
  packages = [
    ".",
    "balancer",
    "balancer/base",
    "balancer/roundrobin",
    "binarylog/grpc_binarylog_v1",
    "codes",
    "connectivity",
    "credentials",
    "credentials/internal",
    "credentials/oauth",
    "encoding",
    "encoding/proto",
    "grpclog",
    "internal",
    "internal/backoff",
    "internal/binarylog",
    "internal/channelz",
    "internal/envconfig",
    "internal/grpcrand",
    "internal/grpcsync",
    "internal/syscall",
    "internal/transport",
    "keepalive",
    "metadata",
    "naming",
    "peer",
    "resolver",
    "resolver/dns",
    "resolver/passthrough",
    "stats",
    "status",
    "tap",
  ]
  pruneopts = "UT"
  revision = "3507fb8e1a5ad030303c106fef3a47c9fdad16ad"
  version = "v1.19.1"

[[projects]]
  digest = "1:f9c957c3e62bbd592599024eb71e1369b5542e888bd82938e63659b0e5d960b9"
  name = "gopkg.in/telegram-bot-api.v3"
  packages = ["."]
  pruneopts = "UT"
  revision = "170874ea9ccf20bda77d991aa36f9427922a26e1"
  version = "v3.0.0"

[solve-meta]
  analyzer-name = "dep"
  analyzer-version = 1
  input-imports = [
    "cloud.google.com/go/pubsub",
    "github.com/go-chat-bot/bot",
    "github.com/go-chat-bot/plugins-br/cnpj",
    "github.com/go-chat-bot/plugins-br/cotacao",
    "github.com/go-chat-bot/plugins-br/cpf",
    "github.com/go-chat-bot/plugins-br/dilma",
    "github.com/go-chat-bot/plugins-br/lula",
    "github.com/go-chat-bot/plugins-br/megasena",
    "github.com/go-chat-bot/plugins/9gag",
    "github.com/go-chat-bot/plugins/catfacts",
    "github.com/go-chat-bot/plugins/catgif",
    "github.com/go-chat-bot/plugins/chucknorris",
    "github.com/go-chat-bot/plugins/cmd",
    "github.com/go-chat-bot/plugins/crypto",
    "github.com/go-chat-bot/plugins/encoding",
    "github.com/go-chat-bot/plugins/example",
    "github.com/go-chat-bot/plugins/gif",
    "github.com/go-chat-bot/plugins/godoc",
    "github.com/go-chat-bot/plugins/guid",
    "github.com/go-chat-bot/plugins/jira",
    "github.com/go-chat-bot/plugins/puppet",
    "github.com/go-chat-bot/plugins/treta",
    "github.com/go-chat-bot/plugins/uptime",
    "github.com/go-chat-bot/plugins/url",
    "github.com/go-chat-bot/plugins/web",
    "github.com/mattn/go-shellwords",
    "github.com/mozillazg/go-unidecode",
    "github.com/nlopes/slack",
    "github.com/pyinx/gorocket/api",
    "github.com/pyinx/gorocket/rest",
    "github.com/robfig/cron",
    "github.com/thoj/go-ircevent",
    "golang.org/x/oauth2/google",
    "gopkg.in/telegram-bot-api.v3",
  ]
  solver-name = "gps-cdcl"
  solver-version = 1
